
Microsoft Visual Studio Solution File, Format Version 12.00
# Visual Studio 14
VisualStudioVersion = 14.0.25420.1
MinimumVisualStudioVersion = 10.0.40219.1
Project("{FAE04EC0-301F-11D3-BF4B-00C04F79EFBC}") = "Lab1", "ClassLibrary1\Lab1.csproj", "{FC9926DE-0497-424C-A28C-5AA089F2B51B}"
EndProject
Project("{FAE04EC0-301F-11D3-BF4B-00C04F79EFBC}") = "ConsoleApplication1", "ConsoleApplication1\ConsoleApplication1.csproj", "{07D6113C-B989-43F4-A522-6D1CFF530768}"
	ProjectSection(ProjectDependencies) = postProject
		{FC9926DE-0497-424C-A28C-5AA089F2B51B} = {FC9926DE-0497-424C-A28C-5AA089F2B51B}
	EndProjectSection
EndProject
Project("{FAE04EC0-301F-11D3-BF4B-00C04F79EFBC}") = "Lab2", "ClassLibrary2\Lab2.csproj", "{E17EDF8A-43C8-46DC-80AE-BADEB87CA564}"
EndProject
Project("{FAE04EC0-301F-11D3-BF4B-00C04F79EFBC}") = "WindowsFormsApplication1", "WindowsFormsApplication1\WindowsFormsApplication1.csproj", "{A47FE300-21D9-48B0-8ACA-5AC56977F3A2}"
EndProject
Project("{2150E333-8FDC-42A3-9474-1A3956D46DE8}") = "Tests", "Tests", "{3707E2F9-AB5D-4825-8A03-9F15B9FCF3D6}"
EndProject
Project("{FAE04EC0-301F-11D3-BF4B-00C04F79EFBC}") = "MobilePhoneTests", "PlaybackTest\MobilePhoneTests.csproj", "{3653D8A2-5205-42C6-8EAA-EA78F6E931B2}"
EndProject
Global
	GlobalSection(SolutionConfigurationPlatforms) = preSolution
		Debug|Any CPU = Debug|Any CPU
		Release|Any CPU = Release|Any CPU
	EndGlobalSection
	GlobalSection(ProjectConfigurationPlatforms) = postSolution
		{FC9926DE-0497-424C-A28C-5AA089F2B51B}.Debug|Any CPU.ActiveCfg = Debug|Any CPU
		{FC9926DE-0497-424C-A28C-5AA089F2B51B}.Debug|Any CPU.Build.0 = Debug|Any CPU
		{FC9926DE-0497-424C-A28C-5AA089F2B51B}.Release|Any CPU.ActiveCfg = Release|Any CPU
		{FC9926DE-0497-424C-A28C-5AA089F2B51B}.Release|Any CPU.Build.0 = Release|Any CPU
		{07D6113C-B989-43F4-A522-6D1CFF530768}.Debug|Any CPU.ActiveCfg = Debug|Any CPU
		{07D6113C-B989-43F4-A522-6D1CFF530768}.Debug|Any CPU.Build.0 = Debug|Any CPU
		{07D6113C-B989-43F4-A522-6D1CFF530768}.Release|Any CPU.ActiveCfg = Release|Any CPU
		{07D6113C-B989-43F4-A522-6D1CFF530768}.Release|Any CPU.Build.0 = Release|Any CPU
		{E17EDF8A-43C8-46DC-80AE-BADEB87CA564}.Debug|Any CPU.ActiveCfg = Debug|Any CPU
		{E17EDF8A-43C8-46DC-80AE-BADEB87CA564}.Debug|Any CPU.Build.0 = Debug|Any CPU
		{E17EDF8A-43C8-46DC-80AE-BADEB87CA564}.Release|Any CPU.ActiveCfg = Release|Any CPU
		{E17EDF8A-43C8-46DC-80AE-BADEB87CA564}.Release|Any CPU.Build.0 = Release|Any CPU
		{A47FE300-21D9-48B0-8ACA-5AC56977F3A2}.Debug|Any CPU.ActiveCfg = Debug|Any CPU
		{A47FE300-21D9-48B0-8ACA-5AC56977F3A2}.Debug|Any CPU.Build.0 = Debug|Any CPU
		{A47FE300-21D9-48B0-8ACA-5AC56977F3A2}.Release|Any CPU.ActiveCfg = Release|Any CPU
		{A47FE300-21D9-48B0-8ACA-5AC56977F3A2}.Release|Any CPU.Build.0 = Release|Any CPU
		{3653D8A2-5205-42C6-8EAA-EA78F6E931B2}.Debug|Any CPU.ActiveCfg = Debug|Any CPU
		{3653D8A2-5205-42C6-8EAA-EA78F6E931B2}.Debug|Any CPU.Build.0 = Debug|Any CPU
		{3653D8A2-5205-42C6-8EAA-EA78F6E931B2}.Release|Any CPU.ActiveCfg = Release|Any CPU
		{3653D8A2-5205-42C6-8EAA-EA78F6E931B2}.Release|Any CPU.Build.0 = Release|Any CPU
	EndGlobalSection
	GlobalSection(SolutionProperties) = preSolution
		HideSolutionNode = FALSE
	EndGlobalSection
	GlobalSection(NestedProjects) = preSolution
		{3653D8A2-5205-42C6-8EAA-EA78F6E931B2} = {3707E2F9-AB5D-4825-8A03-9F15B9FCF3D6}
	EndGlobalSection
EndGlobal
